
Microsoft Visual Studio Solution File, Format Version 12.00
# Visual Studio Version 17
VisualStudioVersion = 17.1.32210.238
MinimumVisualStudioVersion = 10.0.40219.1
Project("{9A19103F-16F7-4668-BE54-9A1E7A4F7556}") = "API", "API\API.csproj", "{B203CE00-39E5-4995-A786-E1FD82B59009}"
EndProject
Project("{9A19103F-16F7-4668-BE54-9A1E7A4F7556}") = "Application", "Application\Application.csproj", "{1941EFD3-CA52-482A-93C5-FBC473C91855}"
EndProject
Project("{9A19103F-16F7-4668-BE54-9A1E7A4F7556}") = "Domain", "Domain\Domain.csproj", "{9A5D8EB1-7C55-4516-9726-14DF081AF147}"
EndProject
Project("{9A19103F-16F7-4668-BE54-9A1E7A4F7556}") = "Persistence", "Persistence\Persistence.csproj", "{5E626C5F-DC1B-42A6-8B19-5400D088E36C}"
EndProject
Project("{E24C65DC-7377-472B-9ABA-BC803B73C61A}") = "client-app", "client-app\", "{AB88E4FD-2D8A-468F-9F64-E1C4D41A4404}"
	ProjectSection(WebsiteProperties) = preProject
		TargetFrameworkMoniker = ".NETFramework,Version%3Dv4.8"
		Debug.AspNetCompiler.VirtualPath = "/localhost_60890"
		Debug.AspNetCompiler.PhysicalPath = "client-app\"
		Debug.AspNetCompiler.TargetPath = "PrecompiledWeb\localhost_60890\"
		Debug.AspNetCompiler.Updateable = "true"
		Debug.AspNetCompiler.ForceOverwrite = "true"
		Debug.AspNetCompiler.FixedNames = "false"
		Debug.AspNetCompiler.Debug = "True"
		Release.AspNetCompiler.VirtualPath = "/localhost_60890"
		Release.AspNetCompiler.PhysicalPath = "client-app\"
		Release.AspNetCompiler.TargetPath = "PrecompiledWeb\localhost_60890\"
		Release.AspNetCompiler.Updateable = "true"
		Release.AspNetCompiler.ForceOverwrite = "true"
		Release.AspNetCompiler.FixedNames = "false"
		Release.AspNetCompiler.Debug = "False"
		VWDPort = "60890"
		SlnRelativePath = "client-app\"
	EndProjectSection
EndProject
Project("{FAE04EC0-301F-11D3-BF4B-00C04F79EFBC}") = "Infrastructure", "Infrastructure\Infrastructure.csproj", "{D231AFFB-FE42-41E0-A7D5-65F50AB8D20A}"
EndProject
Global
	GlobalSection(SolutionConfigurationPlatforms) = preSolution
		Debug|Any CPU = Debug|Any CPU
		Release|Any CPU = Release|Any CPU
	EndGlobalSection
	GlobalSection(ProjectConfigurationPlatforms) = postSolution
		{B203CE00-39E5-4995-A786-E1FD82B59009}.Debug|Any CPU.ActiveCfg = Debug|Any CPU
		{B203CE00-39E5-4995-A786-E1FD82B59009}.Debug|Any CPU.Build.0 = Debug|Any CPU
		{B203CE00-39E5-4995-A786-E1FD82B59009}.Release|Any CPU.ActiveCfg = Release|Any CPU
		{B203CE00-39E5-4995-A786-E1FD82B59009}.Release|Any CPU.Build.0 = Release|Any CPU
		{1941EFD3-CA52-482A-93C5-FBC473C91855}.Debug|Any CPU.ActiveCfg = Debug|Any CPU
		{1941EFD3-CA52-482A-93C5-FBC473C91855}.Debug|Any CPU.Build.0 = Debug|Any CPU
		{1941EFD3-CA52-482A-93C5-FBC473C91855}.Release|Any CPU.ActiveCfg = Release|Any CPU
		{1941EFD3-CA52-482A-93C5-FBC473C91855}.Release|Any CPU.Build.0 = Release|Any CPU
		{9A5D8EB1-7C55-4516-9726-14DF081AF147}.Debug|Any CPU.ActiveCfg = Debug|Any CPU
		{9A5D8EB1-7C55-4516-9726-14DF081AF147}.Debug|Any CPU.Build.0 = Debug|Any CPU
		{9A5D8EB1-7C55-4516-9726-14DF081AF147}.Release|Any CPU.ActiveCfg = Release|Any CPU
		{9A5D8EB1-7C55-4516-9726-14DF081AF147}.Release|Any CPU.Build.0 = Release|Any CPU
		{5E626C5F-DC1B-42A6-8B19-5400D088E36C}.Debug|Any CPU.ActiveCfg = Debug|Any CPU
		{5E626C5F-DC1B-42A6-8B19-5400D088E36C}.Debug|Any CPU.Build.0 = Debug|Any CPU
		{5E626C5F-DC1B-42A6-8B19-5400D088E36C}.Release|Any CPU.ActiveCfg = Release|Any CPU
		{5E626C5F-DC1B-42A6-8B19-5400D088E36C}.Release|Any CPU.Build.0 = Release|Any CPU
		{AB88E4FD-2D8A-468F-9F64-E1C4D41A4404}.Debug|Any CPU.ActiveCfg = Debug|Any CPU
		{AB88E4FD-2D8A-468F-9F64-E1C4D41A4404}.Debug|Any CPU.Build.0 = Debug|Any CPU
		{AB88E4FD-2D8A-468F-9F64-E1C4D41A4404}.Release|Any CPU.ActiveCfg = Debug|Any CPU
		{AB88E4FD-2D8A-468F-9F64-E1C4D41A4404}.Release|Any CPU.Build.0 = Debug|Any CPU
		{D231AFFB-FE42-41E0-A7D5-65F50AB8D20A}.Debug|Any CPU.ActiveCfg = Debug|Any CPU
		{D231AFFB-FE42-41E0-A7D5-65F50AB8D20A}.Debug|Any CPU.Build.0 = Debug|Any CPU
		{D231AFFB-FE42-41E0-A7D5-65F50AB8D20A}.Release|Any CPU.ActiveCfg = Release|Any CPU
		{D231AFFB-FE42-41E0-A7D5-65F50AB8D20A}.Release|Any CPU.Build.0 = Release|Any CPU
	EndGlobalSection
	GlobalSection(SolutionProperties) = preSolution
		HideSolutionNode = FALSE
	EndGlobalSection
	GlobalSection(ExtensibilityGlobals) = postSolution
		SolutionGuid = {543D5D39-A070-4F25-A152-07A033F875F9}
	EndGlobalSection
EndGlobal
